<?xml version="1.0" encoding="utf-8"?>
<Project ToolsVersion="4.0" xmlns="http://schemas.microsoft.com/developer/msbuild/2003">
  <ItemGroup>
    <Filter Include="ソース ファイル">
      <UniqueIdentifier>{4FC737F1-C7A5-4376-A066-2A32D752A2FF}</UniqueIdentifier>
      <Extensions>cpp;c;cc;cxx;def;odl;idl;hpj;bat;asm;asmx</Extensions>
    </Filter>
    <Filter Include="ヘッダー ファイル">
      <UniqueIdentifier>{93995380-89BD-4b04-88EB-625FBE52EBFB}</UniqueIdentifier>
      <Extensions>h;hh;hpp;hxx;hm;inl;inc;ipp;xsd</Extensions>
    </Filter>
    <Filter Include="リソース ファイル">
      <UniqueIdentifier>{67DA6AB6-F800-4c08-8B7A-83BB121AAD01}</UniqueIdentifier>
      <Extensions>rc;ico;cur;bmp;dlg;rc2;rct;bin;rgs;gif;jpg;jpeg;jpe;resx;tiff;tif;png;wav;mfcribbon-ms</Extensions>
    </Filter>
    <Filter Include="シェーダーファイル">
      <UniqueIdentifier>{e678f3e0-19b9-414d-a5d0-037502fefad5}</UniqueIdentifier>
    </Filter>
    <Filter Include="cereal">
      <UniqueIdentifier>{82718a59-e2c5-4ebe-ac11-5ce58b90d3c0}</UniqueIdentifier>
    </Filter>
  </ItemGroup>
  <ItemGroup>
    <ClInclude Include="camera.h">
      <Filter>ヘッダー ファイル</Filter>
    </ClInclude>
    <ClInclude Include="field.h">
      <Filter>ヘッダー ファイル</Filter>
    </ClInclude>
    <ClInclude Include="gameObject.h">
      <Filter>ヘッダー ファイル</Filter>
    </ClInclude>
    <ClInclude Include="main.h">
      <Filter>ヘッダー ファイル</Filter>
    </ClInclude>
    <ClInclude Include="manager.h">
      <Filter>ヘッダー ファイル</Filter>
    </ClInclude>
    <ClInclude Include="model.h">
      <Filter>ヘッダー ファイル</Filter>
    </ClInclude>
    <ClInclude Include="player.h">
      <Filter>ヘッダー ファイル</Filter>
    </ClInclude>
    <ClInclude Include="polygon2D.h">
      <Filter>ヘッダー ファイル</Filter>
    </ClInclude>
    <ClInclude Include="renderer.h">
      <Filter>ヘッダー ファイル</Filter>
    </ClInclude>
    <ClInclude Include="input.h">
      <Filter>ヘッダー ファイル</Filter>
    </ClInclude>
    <ClInclude Include="component.h">
      <Filter>ヘッダー ファイル</Filter>
    </ClInclude>
    <ClInclude Include="cereal\access.hpp">
      <Filter>cereal</Filter>
    </ClInclude>
    <ClInclude Include="cereal\archives\adapters.hpp">
      <Filter>cereal</Filter>
    </ClInclude>
    <ClInclude Include="cereal\archives\binary.hpp">
      <Filter>cereal</Filter>
    </ClInclude>
    <ClInclude Include="cereal\archives\json.hpp">
      <Filter>cereal</Filter>
    </ClInclude>
    <ClInclude Include="cereal\archives\portable_binary.hpp">
      <Filter>cereal</Filter>
    </ClInclude>
    <ClInclude Include="cereal\archives\xml.hpp">
      <Filter>cereal</Filter>
    </ClInclude>
    <ClInclude Include="cereal\cereal.hpp">
      <Filter>cereal</Filter>
    </ClInclude>
    <ClInclude Include="cereal\details\helpers.hpp">
      <Filter>cereal</Filter>
    </ClInclude>
    <ClInclude Include="cereal\details\polymorphic_impl.hpp">
      <Filter>cereal</Filter>
    </ClInclude>
    <ClInclude Include="cereal\details\polymorphic_impl_fwd.hpp">
      <Filter>cereal</Filter>
    </ClInclude>
    <ClInclude Include="cereal\details\static_object.hpp">
      <Filter>cereal</Filter>
    </ClInclude>
    <ClInclude Include="cereal\details\traits.hpp">
      <Filter>cereal</Filter>
    </ClInclude>
    <ClInclude Include="cereal\details\util.hpp">
      <Filter>cereal</Filter>
    </ClInclude>
    <ClInclude Include="cereal\external\base64.hpp">
      <Filter>cereal</Filter>
    </ClInclude>
    <ClInclude Include="cereal\external\rapidjson\allocators.h">
      <Filter>cereal</Filter>
    </ClInclude>
    <ClInclude Include="cereal\external\rapidjson\cursorstreamwrapper.h">
      <Filter>cereal</Filter>
    </ClInclude>
    <ClInclude Include="cereal\external\rapidjson\document.h">
      <Filter>cereal</Filter>
    </ClInclude>
    <ClInclude Include="cereal\external\rapidjson\encodedstream.h">
      <Filter>cereal</Filter>
    </ClInclude>
    <ClInclude Include="cereal\external\rapidjson\encodings.h">
      <Filter>cereal</Filter>
    </ClInclude>
    <ClInclude Include="cereal\external\rapidjson\error\en.h">
      <Filter>cereal</Filter>
    </ClInclude>
    <ClInclude Include="cereal\external\rapidjson\error\error.h">
      <Filter>cereal</Filter>
    </ClInclude>
    <ClInclude Include="cereal\external\rapidjson\filereadstream.h">
      <Filter>cereal</Filter>
    </ClInclude>
    <ClInclude Include="cereal\external\rapidjson\filewritestream.h">
      <Filter>cereal</Filter>
    </ClInclude>
    <ClInclude Include="cereal\external\rapidjson\fwd.h">
      <Filter>cereal</Filter>
    </ClInclude>
    <ClInclude Include="cereal\external\rapidjson\internal\biginteger.h">
      <Filter>cereal</Filter>
    </ClInclude>
    <ClInclude Include="cereal\external\rapidjson\internal\diyfp.h">
      <Filter>cereal</Filter>
    </ClInclude>
    <ClInclude Include="cereal\external\rapidjson\internal\dtoa.h">
      <Filter>cereal</Filter>
    </ClInclude>
    <ClInclude Include="cereal\external\rapidjson\internal\ieee754.h">
      <Filter>cereal</Filter>
    </ClInclude>
    <ClInclude Include="cereal\external\rapidjson\internal\itoa.h">
      <Filter>cereal</Filter>
    </ClInclude>
    <ClInclude Include="cereal\external\rapidjson\internal\meta.h">
      <Filter>cereal</Filter>
    </ClInclude>
    <ClInclude Include="cereal\external\rapidjson\internal\pow10.h">
      <Filter>cereal</Filter>
    </ClInclude>
    <ClInclude Include="cereal\external\rapidjson\internal\regex.h">
      <Filter>cereal</Filter>
    </ClInclude>
    <ClInclude Include="cereal\external\rapidjson\internal\stack.h">
      <Filter>cereal</Filter>
    </ClInclude>
    <ClInclude Include="cereal\external\rapidjson\internal\strfunc.h">
      <Filter>cereal</Filter>
    </ClInclude>
    <ClInclude Include="cereal\external\rapidjson\internal\strtod.h">
      <Filter>cereal</Filter>
    </ClInclude>
    <ClInclude Include="cereal\external\rapidjson\internal\swap.h">
      <Filter>cereal</Filter>
    </ClInclude>
    <ClInclude Include="cereal\external\rapidjson\istreamwrapper.h">
      <Filter>cereal</Filter>
    </ClInclude>
    <ClInclude Include="cereal\external\rapidjson\memorybuffer.h">
      <Filter>cereal</Filter>
    </ClInclude>
    <ClInclude Include="cereal\external\rapidjson\memorystream.h">
      <Filter>cereal</Filter>
    </ClInclude>
    <ClInclude Include="cereal\external\rapidjson\msinttypes\inttypes.h">
      <Filter>cereal</Filter>
    </ClInclude>
    <ClInclude Include="cereal\external\rapidjson\msinttypes\stdint.h">
      <Filter>cereal</Filter>
    </ClInclude>
    <ClInclude Include="cereal\external\rapidjson\ostreamwrapper.h">
      <Filter>cereal</Filter>
    </ClInclude>
    <ClInclude Include="cereal\external\rapidjson\pointer.h">
      <Filter>cereal</Filter>
    </ClInclude>
    <ClInclude Include="cereal\external\rapidjson\prettywriter.h">
      <Filter>cereal</Filter>
    </ClInclude>
    <ClInclude Include="cereal\external\rapidjson\rapidjson.h">
      <Filter>cereal</Filter>
    </ClInclude>
    <ClInclude Include="cereal\external\rapidjson\reader.h">
      <Filter>cereal</Filter>
    </ClInclude>
    <ClInclude Include="cereal\external\rapidjson\schema.h">
      <Filter>cereal</Filter>
    </ClInclude>
    <ClInclude Include="cereal\external\rapidjson\stream.h">
      <Filter>cereal</Filter>
    </ClInclude>
    <ClInclude Include="cereal\external\rapidjson\stringbuffer.h">
      <Filter>cereal</Filter>
    </ClInclude>
    <ClInclude Include="cereal\external\rapidjson\writer.h">
      <Filter>cereal</Filter>
    </ClInclude>
    <ClInclude Include="cereal\external\rapidxml\rapidxml.hpp">
      <Filter>cereal</Filter>
    </ClInclude>
    <ClInclude Include="cereal\external\rapidxml\rapidxml_iterators.hpp">
      <Filter>cereal</Filter>
    </ClInclude>
    <ClInclude Include="cereal\external\rapidxml\rapidxml_print.hpp">
      <Filter>cereal</Filter>
    </ClInclude>
    <ClInclude Include="cereal\external\rapidxml\rapidxml_utils.hpp">
      <Filter>cereal</Filter>
    </ClInclude>
    <ClInclude Include="cereal\macros.hpp">
      <Filter>cereal</Filter>
    </ClInclude>
    <ClInclude Include="cereal\specialize.hpp">
      <Filter>cereal</Filter>
    </ClInclude>
    <ClInclude Include="cereal\types\array.hpp">
      <Filter>cereal</Filter>
    </ClInclude>
    <ClInclude Include="cereal\types\atomic.hpp">
      <Filter>cereal</Filter>
    </ClInclude>
    <ClInclude Include="cereal\types\base_class.hpp">
      <Filter>cereal</Filter>
    </ClInclude>
    <ClInclude Include="cereal\types\bitset.hpp">
      <Filter>cereal</Filter>
    </ClInclude>
    <ClInclude Include="cereal\types\boost_variant.hpp">
      <Filter>cereal</Filter>
    </ClInclude>
    <ClInclude Include="cereal\types\chrono.hpp">
      <Filter>cereal</Filter>
    </ClInclude>
    <ClInclude Include="cereal\types\common.hpp">
      <Filter>cereal</Filter>
    </ClInclude>
    <ClInclude Include="cereal\types\complex.hpp">
      <Filter>cereal</Filter>
    </ClInclude>
    <ClInclude Include="cereal\types\concepts\pair_associative_container.hpp">
      <Filter>cereal</Filter>
    </ClInclude>
    <ClInclude Include="cereal\types\deque.hpp">
      <Filter>cereal</Filter>
    </ClInclude>
    <ClInclude Include="cereal\types\forward_list.hpp">
      <Filter>cereal</Filter>
    </ClInclude>
    <ClInclude Include="cereal\types\functional.hpp">
      <Filter>cereal</Filter>
    </ClInclude>
    <ClInclude Include="cereal\types\list.hpp">
      <Filter>cereal</Filter>
    </ClInclude>
    <ClInclude Include="cereal\types\map.hpp">
      <Filter>cereal</Filter>
    </ClInclude>
    <ClInclude Include="cereal\types\memory.hpp">
      <Filter>cereal</Filter>
    </ClInclude>
    <ClInclude Include="cereal\types\optional.hpp">
      <Filter>cereal</Filter>
    </ClInclude>
    <ClInclude Include="cereal\types\polymorphic.hpp">
      <Filter>cereal</Filter>
    </ClInclude>
    <ClInclude Include="cereal\types\queue.hpp">
      <Filter>cereal</Filter>
    </ClInclude>
    <ClInclude Include="cereal\types\set.hpp">
      <Filter>cereal</Filter>
    </ClInclude>
    <ClInclude Include="cereal\types\stack.hpp">
      <Filter>cereal</Filter>
    </ClInclude>
    <ClInclude Include="cereal\types\string.hpp">
      <Filter>cereal</Filter>
    </ClInclude>
    <ClInclude Include="cereal\types\tuple.hpp">
      <Filter>cereal</Filter>
    </ClInclude>
    <ClInclude Include="cereal\types\unordered_map.hpp">
      <Filter>cereal</Filter>
    </ClInclude>
    <ClInclude Include="cereal\types\unordered_set.hpp">
      <Filter>cereal</Filter>
    </ClInclude>
    <ClInclude Include="cereal\types\utility.hpp">
      <Filter>cereal</Filter>
    </ClInclude>
    <ClInclude Include="cereal\types\valarray.hpp">
      <Filter>cereal</Filter>
    </ClInclude>
    <ClInclude Include="cereal\types\variant.hpp">
      <Filter>cereal</Filter>
    </ClInclude>
    <ClInclude Include="cereal\types\vector.hpp">
      <Filter>cereal</Filter>
    </ClInclude>
    <ClInclude Include="cereal\version.hpp">
      <Filter>cereal</Filter>
    </ClInclude>
    <ClInclude Include="boxCollider.h">
      <Filter>ヘッダー ファイル</Filter>
    </ClInclude>
  </ItemGroup>
  <ItemGroup>
    <ClCompile Include="camera.cpp">
      <Filter>ソース ファイル</Filter>
    </ClCompile>
    <ClCompile Include="field.cpp">
      <Filter>ソース ファイル</Filter>
    </ClCompile>
    <ClCompile Include="main.cpp">
      <Filter>ソース ファイル</Filter>
    </ClCompile>
    <ClCompile Include="manager.cpp">
      <Filter>ソース ファイル</Filter>
    </ClCompile>
    <ClCompile Include="player.cpp">
      <Filter>ソース ファイル</Filter>
    </ClCompile>
    <ClCompile Include="polygon2D.cpp">
      <Filter>ソース ファイル</Filter>
    </ClCompile>
    <ClCompile Include="renderer.cpp">
      <Filter>ソース ファイル</Filter>
    </ClCompile>
    <ClCompile Include="input.cpp">
      <Filter>ソース ファイル</Filter>
    </ClCompile>
    <ClCompile Include="model.cpp">
      <Filter>ソース ファイル</Filter>
    </ClCompile>
    <ClCompile Include="boxCollider.cpp">
      <Filter>ソース ファイル</Filter>
    </ClCompile>
    <ClCompile Include="pch.cpp">
      <Filter>ソース ファイル</Filter>
    </ClCompile>
  </ItemGroup>
  <ItemGroup>
    <FxCompile Include="common.hlsl">
      <Filter>シェーダーファイル</Filter>
    </FxCompile>
    <FxCompile Include="unlitTexturePS.hlsl">
      <Filter>シェーダーファイル</Filter>
    </FxCompile>
    <FxCompile Include="unlitTextureVS.hlsl">
      <Filter>シェーダーファイル</Filter>
    </FxCompile>
    <FxCompile Include="vertexLightingPS.hlsl">
      <Filter>シェーダーファイル</Filter>
    </FxCompile>
    <FxCompile Include="vertexLightingVS.hlsl">
      <Filter>シェーダーファイル</Filter>
    </FxCompile>
  </ItemGroup>
  <ItemGroup>
    <None Include="cereal\external\rapidxml\manual.html">
      <Filter>cereal</Filter>
    </None>
  </ItemGroup>
</Project>